
Microsoft Visual Studio Solution File, Format Version 12.00
# Visual Studio 14
VisualStudioVersion = 14.0.25420.1
MinimumVisualStudioVersion = 10.0.40219.1
Project("{FAE04EC0-301F-11D3-BF4B-00C04F79EFBC}") = "InfinityScroll.Droid", "InfinityScroll\InfinityScroll.Droid\InfinityScroll.Droid.csproj", "{7BF1CBE9-D941-4116-96A1-A05AD74F7BD5}"
EndProject
Project("{FAE04EC0-301F-11D3-BF4B-00C04F79EFBC}") = "InfinityScroll.iOS", "InfinityScroll\InfinityScroll.iOS\InfinityScroll.iOS.csproj", "{C7FA3039-9792-4B78-AFD7-FED33E0613DC}"
EndProject
Project("{FAE04EC0-301F-11D3-BF4B-00C04F79EFBC}") = "InfinityScroll.WinPhone", "InfinityScroll\InfinityScroll.WinPhone\InfinityScroll.WinPhone.csproj", "{242D4F15-79BB-4294-9FD9-2829A014BF55}"
EndProject
Project("{FAE04EC0-301F-11D3-BF4B-00C04F79EFBC}") = "InfinityScroll.Windows", "InfinityScroll\InfinityScroll.Windows\InfinityScroll.Windows.csproj", "{C40810B6-BC9C-48DB-A666-F0B0272D90E0}"
EndProject
Project("{FAE04EC0-301F-11D3-BF4B-00C04F79EFBC}") = "InfinityScroll", "InfinityScroll\InfinityScroll\InfinityScroll.csproj", "{6E95DE30-5ACA-45E0-AF60-CC1B60970AE8}"
EndProject
Global
	GlobalSection(SolutionConfigurationPlatforms) = preSolution
		Ad-Hoc|Any CPU = Ad-Hoc|Any CPU
		Ad-Hoc|ARM = Ad-Hoc|ARM
		Ad-Hoc|iPhone = Ad-Hoc|iPhone
		Ad-Hoc|iPhoneSimulator = Ad-Hoc|iPhoneSimulator
		Ad-Hoc|x64 = Ad-Hoc|x64
		Ad-Hoc|x86 = Ad-Hoc|x86
		AppStore|Any CPU = AppStore|Any CPU
		AppStore|ARM = AppStore|ARM
		AppStore|iPhone = AppStore|iPhone
		AppStore|iPhoneSimulator = AppStore|iPhoneSimulator
		AppStore|x64 = AppStore|x64
		AppStore|x86 = AppStore|x86
		Debug|Any CPU = Debug|Any CPU
		Debug|ARM = Debug|ARM
		Debug|iPhone = Debug|iPhone
		Debug|iPhoneSimulator = Debug|iPhoneSimulator
		Debug|x64 = Debug|x64
		Debug|x86 = Debug|x86
		Release|Any CPU = Release|Any CPU
		Release|ARM = Release|ARM
		Release|iPhone = Release|iPhone
		Release|iPhoneSimulator = Release|iPhoneSimulator
		Release|x64 = Release|x64
		Release|x86 = Release|x86
	EndGlobalSection
	GlobalSection(ProjectConfigurationPlatforms) = postSolution
		{7BF1CBE9-D941-4116-96A1-A05AD74F7BD5}.Ad-Hoc|Any CPU.ActiveCfg = Release|Any CPU
		{7BF1CBE9-D941-4116-96A1-A05AD74F7BD5}.Ad-Hoc|Any CPU.Build.0 = Release|Any CPU
		{7BF1CBE9-D941-4116-96A1-A05AD74F7BD5}.Ad-Hoc|Any CPU.Deploy.0 = Release|Any CPU
		{7BF1CBE9-D941-4116-96A1-A05AD74F7BD5}.Ad-Hoc|ARM.ActiveCfg = Release|Any CPU
		{7BF1CBE9-D941-4116-96A1-A05AD74F7BD5}.Ad-Hoc|ARM.Build.0 = Release|Any CPU
		{7BF1CBE9-D941-4116-96A1-A05AD74F7BD5}.Ad-Hoc|ARM.Deploy.0 = Release|Any CPU
		{7BF1CBE9-D941-4116-96A1-A05AD74F7BD5}.Ad-Hoc|iPhone.ActiveCfg = Release|Any CPU
		{7BF1CBE9-D941-4116-96A1-A05AD74F7BD5}.Ad-Hoc|iPhone.Build.0 = Release|Any CPU
		{7BF1CBE9-D941-4116-96A1-A05AD74F7BD5}.Ad-Hoc|iPhone.Deploy.0 = Release|Any CPU
		{7BF1CBE9-D941-4116-96A1-A05AD74F7BD5}.Ad-Hoc|iPhoneSimulator.ActiveCfg = Release|Any CPU
		{7BF1CBE9-D941-4116-96A1-A05AD74F7BD5}.Ad-Hoc|iPhoneSimulator.Build.0 = Release|Any CPU
		{7BF1CBE9-D941-4116-96A1-A05AD74F7BD5}.Ad-Hoc|iPhoneSimulator.Deploy.0 = Release|Any CPU
		{7BF1CBE9-D941-4116-96A1-A05AD74F7BD5}.Ad-Hoc|x64.ActiveCfg = Release|Any CPU
		{7BF1CBE9-D941-4116-96A1-A05AD74F7BD5}.Ad-Hoc|x64.Build.0 = Release|Any CPU
		{7BF1CBE9-D941-4116-96A1-A05AD74F7BD5}.Ad-Hoc|x64.Deploy.0 = Release|Any CPU
		{7BF1CBE9-D941-4116-96A1-A05AD74F7BD5}.Ad-Hoc|x86.ActiveCfg = Release|Any CPU
		{7BF1CBE9-D941-4116-96A1-A05AD74F7BD5}.Ad-Hoc|x86.Build.0 = Release|Any CPU
		{7BF1CBE9-D941-4116-96A1-A05AD74F7BD5}.Ad-Hoc|x86.Deploy.0 = Release|Any CPU
		{7BF1CBE9-D941-4116-96A1-A05AD74F7BD5}.AppStore|Any CPU.ActiveCfg = Release|Any CPU
		{7BF1CBE9-D941-4116-96A1-A05AD74F7BD5}.AppStore|Any CPU.Build.0 = Release|Any CPU
		{7BF1CBE9-D941-4116-96A1-A05AD74F7BD5}.AppStore|Any CPU.Deploy.0 = Release|Any CPU
		{7BF1CBE9-D941-4116-96A1-A05AD74F7BD5}.AppStore|ARM.ActiveCfg = Release|Any CPU
		{7BF1CBE9-D941-4116-96A1-A05AD74F7BD5}.AppStore|ARM.Build.0 = Release|Any CPU
		{7BF1CBE9-D941-4116-96A1-A05AD74F7BD5}.AppStore|ARM.Deploy.0 = Release|Any CPU
		{7BF1CBE9-D941-4116-96A1-A05AD74F7BD5}.AppStore|iPhone.ActiveCfg = Release|Any CPU
		{7BF1CBE9-D941-4116-96A1-A05AD74F7BD5}.AppStore|iPhone.Build.0 = Release|Any CPU
		{7BF1CBE9-D941-4116-96A1-A05AD74F7BD5}.AppStore|iPhone.Deploy.0 = Release|Any CPU
		{7BF1CBE9-D941-4116-96A1-A05AD74F7BD5}.AppStore|iPhoneSimulator.ActiveCfg = Release|Any CPU
		{7BF1CBE9-D941-4116-96A1-A05AD74F7BD5}.AppStore|iPhoneSimulator.Build.0 = Release|Any CPU
		{7BF1CBE9-D941-4116-96A1-A05AD74F7BD5}.AppStore|iPhoneSimulator.Deploy.0 = Release|Any CPU
		{7BF1CBE9-D941-4116-96A1-A05AD74F7BD5}.AppStore|x64.ActiveCfg = Release|Any CPU
		{7BF1CBE9-D941-4116-96A1-A05AD74F7BD5}.AppStore|x64.Build.0 = Release|Any CPU
		{7BF1CBE9-D941-4116-96A1-A05AD74F7BD5}.AppStore|x64.Deploy.0 = Release|Any CPU
		{7BF1CBE9-D941-4116-96A1-A05AD74F7BD5}.AppStore|x86.ActiveCfg = Release|Any CPU
		{7BF1CBE9-D941-4116-96A1-A05AD74F7BD5}.AppStore|x86.Build.0 = Release|Any CPU
		{7BF1CBE9-D941-4116-96A1-A05AD74F7BD5}.AppStore|x86.Deploy.0 = Release|Any CPU
		{7BF1CBE9-D941-4116-96A1-A05AD74F7BD5}.Debug|Any CPU.ActiveCfg = Debug|Any CPU
		{7BF1CBE9-D941-4116-96A1-A05AD74F7BD5}.Debug|Any CPU.Build.0 = Debug|Any CPU
		{7BF1CBE9-D941-4116-96A1-A05AD74F7BD5}.Debug|Any CPU.Deploy.0 = Debug|Any CPU
		{7BF1CBE9-D941-4116-96A1-A05AD74F7BD5}.Debug|ARM.ActiveCfg = Debug|Any CPU
		{7BF1CBE9-D941-4116-96A1-A05AD74F7BD5}.Debug|ARM.Build.0 = Debug|Any CPU
		{7BF1CBE9-D941-4116-96A1-A05AD74F7BD5}.Debug|ARM.Deploy.0 = Debug|Any CPU
		{7BF1CBE9-D941-4116-96A1-A05AD74F7BD5}.Debug|iPhone.ActiveCfg = Debug|Any CPU
		{7BF1CBE9-D941-4116-96A1-A05AD74F7BD5}.Debug|iPhone.Build.0 = Debug|Any CPU
		{7BF1CBE9-D941-4116-96A1-A05AD74F7BD5}.Debug|iPhone.Deploy.0 = Debug|Any CPU
		{7BF1CBE9-D941-4116-96A1-A05AD74F7BD5}.Debug|iPhoneSimulator.ActiveCfg = Debug|Any CPU
		{7BF1CBE9-D941-4116-96A1-A05AD74F7BD5}.Debug|iPhoneSimulator.Build.0 = Debug|Any CPU
		{7BF1CBE9-D941-4116-96A1-A05AD74F7BD5}.Debug|iPhoneSimulator.Deploy.0 = Debug|Any CPU
		{7BF1CBE9-D941-4116-96A1-A05AD74F7BD5}.Debug|x64.ActiveCfg = Debug|Any CPU
		{7BF1CBE9-D941-4116-96A1-A05AD74F7BD5}.Debug|x64.Build.0 = Debug|Any CPU
		{7BF1CBE9-D941-4116-96A1-A05AD74F7BD5}.Debug|x64.Deploy.0 = Debug|Any CPU
		{7BF1CBE9-D941-4116-96A1-A05AD74F7BD5}.Debug|x86.ActiveCfg = Debug|Any CPU
		{7BF1CBE9-D941-4116-96A1-A05AD74F7BD5}.Debug|x86.Build.0 = Debug|Any CPU
		{7BF1CBE9-D941-4116-96A1-A05AD74F7BD5}.Debug|x86.Deploy.0 = Debug|Any CPU
		{7BF1CBE9-D941-4116-96A1-A05AD74F7BD5}.Release|Any CPU.ActiveCfg = Release|Any CPU
		{7BF1CBE9-D941-4116-96A1-A05AD74F7BD5}.Release|Any CPU.Build.0 = Release|Any CPU
		{7BF1CBE9-D941-4116-96A1-A05AD74F7BD5}.Release|Any CPU.Deploy.0 = Release|Any CPU
		{7BF1CBE9-D941-4116-96A1-A05AD74F7BD5}.Release|ARM.ActiveCfg = Release|Any CPU
		{7BF1CBE9-D941-4116-96A1-A05AD74F7BD5}.Release|ARM.Build.0 = Release|Any CPU
		{7BF1CBE9-D941-4116-96A1-A05AD74F7BD5}.Release|ARM.Deploy.0 = Release|Any CPU
		{7BF1CBE9-D941-4116-96A1-A05AD74F7BD5}.Release|iPhone.ActiveCfg = Release|Any CPU
		{7BF1CBE9-D941-4116-96A1-A05AD74F7BD5}.Release|iPhone.Build.0 = Release|Any CPU
		{7BF1CBE9-D941-4116-96A1-A05AD74F7BD5}.Release|iPhone.Deploy.0 = Release|Any CPU
		{7BF1CBE9-D941-4116-96A1-A05AD74F7BD5}.Release|iPhoneSimulator.ActiveCfg = Release|Any CPU
		{7BF1CBE9-D941-4116-96A1-A05AD74F7BD5}.Release|iPhoneSimulator.Build.0 = Release|Any CPU
		{7BF1CBE9-D941-4116-96A1-A05AD74F7BD5}.Release|iPhoneSimulator.Deploy.0 = Release|Any CPU
		{7BF1CBE9-D941-4116-96A1-A05AD74F7BD5}.Release|x64.ActiveCfg = Release|Any CPU
		{7BF1CBE9-D941-4116-96A1-A05AD74F7BD5}.Release|x64.Build.0 = Release|Any CPU
		{7BF1CBE9-D941-4116-96A1-A05AD74F7BD5}.Release|x64.Deploy.0 = Release|Any CPU
		{7BF1CBE9-D941-4116-96A1-A05AD74F7BD5}.Release|x86.ActiveCfg = Release|Any CPU
		{7BF1CBE9-D941-4116-96A1-A05AD74F7BD5}.Release|x86.Build.0 = Release|Any CPU
		{7BF1CBE9-D941-4116-96A1-A05AD74F7BD5}.Release|x86.Deploy.0 = Release|Any CPU
		{C7FA3039-9792-4B78-AFD7-FED33E0613DC}.Ad-Hoc|Any CPU.ActiveCfg = Ad-Hoc|iPhone
		{C7FA3039-9792-4B78-AFD7-FED33E0613DC}.Ad-Hoc|ARM.ActiveCfg = Ad-Hoc|iPhone
		{C7FA3039-9792-4B78-AFD7-FED33E0613DC}.Ad-Hoc|iPhone.ActiveCfg = Ad-Hoc|iPhone
		{C7FA3039-9792-4B78-AFD7-FED33E0613DC}.Ad-Hoc|iPhone.Build.0 = Ad-Hoc|iPhone
		{C7FA3039-9792-4B78-AFD7-FED33E0613DC}.Ad-Hoc|iPhoneSimulator.ActiveCfg = Ad-Hoc|iPhoneSimulator
		{C7FA3039-9792-4B78-AFD7-FED33E0613DC}.Ad-Hoc|iPhoneSimulator.Build.0 = Ad-Hoc|iPhoneSimulator
		{C7FA3039-9792-4B78-AFD7-FED33E0613DC}.Ad-Hoc|x64.ActiveCfg = Ad-Hoc|iPhone
		{C7FA3039-9792-4B78-AFD7-FED33E0613DC}.Ad-Hoc|x86.ActiveCfg = Ad-Hoc|iPhone
		{C7FA3039-9792-4B78-AFD7-FED33E0613DC}.AppStore|Any CPU.ActiveCfg = AppStore|iPhone
		{C7FA3039-9792-4B78-AFD7-FED33E0613DC}.AppStore|ARM.ActiveCfg = AppStore|iPhone
		{C7FA3039-9792-4B78-AFD7-FED33E0613DC}.AppStore|iPhone.ActiveCfg = AppStore|iPhone
		{C7FA3039-9792-4B78-AFD7-FED33E0613DC}.AppStore|iPhone.Build.0 = AppStore|iPhone
		{C7FA3039-9792-4B78-AFD7-FED33E0613DC}.AppStore|iPhoneSimulator.ActiveCfg = AppStore|iPhoneSimulator
		{C7FA3039-9792-4B78-AFD7-FED33E0613DC}.AppStore|iPhoneSimulator.Build.0 = AppStore|iPhoneSimulator
		{C7FA3039-9792-4B78-AFD7-FED33E0613DC}.AppStore|x64.ActiveCfg = AppStore|iPhone
		{C7FA3039-9792-4B78-AFD7-FED33E0613DC}.AppStore|x86.ActiveCfg = AppStore|iPhone
		{C7FA3039-9792-4B78-AFD7-FED33E0613DC}.Debug|Any CPU.ActiveCfg = Debug|iPhone
		{C7FA3039-9792-4B78-AFD7-FED33E0613DC}.Debug|ARM.ActiveCfg = Debug|iPhone
		{C7FA3039-9792-4B78-AFD7-FED33E0613DC}.Debug|iPhone.ActiveCfg = Debug|iPhone
		{C7FA3039-9792-4B78-AFD7-FED33E0613DC}.Debug|iPhone.Build.0 = Debug|iPhone
		{C7FA3039-9792-4B78-AFD7-FED33E0613DC}.Debug|iPhoneSimulator.ActiveCfg = Debug|iPhoneSimulator
		{C7FA3039-9792-4B78-AFD7-FED33E0613DC}.Debug|iPhoneSimulator.Build.0 = Debug|iPhoneSimulator
		{C7FA3039-9792-4B78-AFD7-FED33E0613DC}.Debug|x64.ActiveCfg = Debug|iPhone
		{C7FA3039-9792-4B78-AFD7-FED33E0613DC}.Debug|x86.ActiveCfg = Debug|iPhone
		{C7FA3039-9792-4B78-AFD7-FED33E0613DC}.Release|Any CPU.ActiveCfg = Release|iPhone
		{C7FA3039-9792-4B78-AFD7-FED33E0613DC}.Release|ARM.ActiveCfg = Release|iPhone
		{C7FA3039-9792-4B78-AFD7-FED33E0613DC}.Release|iPhone.ActiveCfg = Release|iPhone
		{C7FA3039-9792-4B78-AFD7-FED33E0613DC}.Release|iPhone.Build.0 = Release|iPhone
		{C7FA3039-9792-4B78-AFD7-FED33E0613DC}.Release|iPhoneSimulator.ActiveCfg = Release|iPhoneSimulator
		{C7FA3039-9792-4B78-AFD7-FED33E0613DC}.Release|iPhoneSimulator.Build.0 = Release|iPhoneSimulator
		{C7FA3039-9792-4B78-AFD7-FED33E0613DC}.Release|x64.ActiveCfg = Release|iPhone
		{C7FA3039-9792-4B78-AFD7-FED33E0613DC}.Release|x86.ActiveCfg = Release|iPhone
		{242D4F15-79BB-4294-9FD9-2829A014BF55}.Ad-Hoc|Any CPU.ActiveCfg = Release|Any CPU
		{242D4F15-79BB-4294-9FD9-2829A014BF55}.Ad-Hoc|Any CPU.Build.0 = Release|Any CPU
		{242D4F15-79BB-4294-9FD9-2829A014BF55}.Ad-Hoc|Any CPU.Deploy.0 = Release|Any CPU
		{242D4F15-79BB-4294-9FD9-2829A014BF55}.Ad-Hoc|ARM.ActiveCfg = Release|ARM
		{242D4F15-79BB-4294-9FD9-2829A014BF55}.Ad-Hoc|ARM.Build.0 = Release|ARM
		{242D4F15-79BB-4294-9FD9-2829A014BF55}.Ad-Hoc|ARM.Deploy.0 = Release|ARM
		{242D4F15-79BB-4294-9FD9-2829A014BF55}.Ad-Hoc|iPhone.ActiveCfg = Release|Any CPU
		{242D4F15-79BB-4294-9FD9-2829A014BF55}.Ad-Hoc|iPhone.Build.0 = Release|Any CPU
		{242D4F15-79BB-4294-9FD9-2829A014BF55}.Ad-Hoc|iPhone.Deploy.0 = Release|Any CPU
		{242D4F15-79BB-4294-9FD9-2829A014BF55}.Ad-Hoc|iPhoneSimulator.ActiveCfg = Release|Any CPU
		{242D4F15-79BB-4294-9FD9-2829A014BF55}.Ad-Hoc|iPhoneSimulator.Build.0 = Release|Any CPU
		{242D4F15-79BB-4294-9FD9-2829A014BF55}.Ad-Hoc|iPhoneSimulator.Deploy.0 = Release|Any CPU
		{242D4F15-79BB-4294-9FD9-2829A014BF55}.Ad-Hoc|x64.ActiveCfg = Release|Any CPU
		{242D4F15-79BB-4294-9FD9-2829A014BF55}.Ad-Hoc|x64.Build.0 = Release|Any CPU
		{242D4F15-79BB-4294-9FD9-2829A014BF55}.Ad-Hoc|x64.Deploy.0 = Release|Any CPU
		{242D4F15-79BB-4294-9FD9-2829A014BF55}.Ad-Hoc|x86.ActiveCfg = Release|x86
		{242D4F15-79BB-4294-9FD9-2829A014BF55}.Ad-Hoc|x86.Build.0 = Release|x86
		{242D4F15-79BB-4294-9FD9-2829A014BF55}.Ad-Hoc|x86.Deploy.0 = Release|x86
		{242D4F15-79BB-4294-9FD9-2829A014BF55}.AppStore|Any CPU.ActiveCfg = Release|Any CPU
		{242D4F15-79BB-4294-9FD9-2829A014BF55}.AppStore|Any CPU.Build.0 = Release|Any CPU
		{242D4F15-79BB-4294-9FD9-2829A014BF55}.AppStore|Any CPU.Deploy.0 = Release|Any CPU
		{242D4F15-79BB-4294-9FD9-2829A014BF55}.AppStore|ARM.ActiveCfg = Release|ARM
		{242D4F15-79BB-4294-9FD9-2829A014BF55}.AppStore|ARM.Build.0 = Release|ARM
		{242D4F15-79BB-4294-9FD9-2829A014BF55}.AppStore|ARM.Deploy.0 = Release|ARM
		{242D4F15-79BB-4294-9FD9-2829A014BF55}.AppStore|iPhone.ActiveCfg = Release|Any CPU
		{242D4F15-79BB-4294-9FD9-2829A014BF55}.AppStore|iPhone.Build.0 = Release|Any CPU
		{242D4F15-79BB-4294-9FD9-2829A014BF55}.AppStore|iPhone.Deploy.0 = Release|Any CPU
		{242D4F15-79BB-4294-9FD9-2829A014BF55}.AppStore|iPhoneSimulator.ActiveCfg = Release|Any CPU
		{242D4F15-79BB-4294-9FD9-2829A014BF55}.AppStore|iPhoneSimulator.Build.0 = Release|Any CPU
		{242D4F15-79BB-4294-9FD9-2829A014BF55}.AppStore|iPhoneSimulator.Deploy.0 = Release|Any CPU
		{242D4F15-79BB-4294-9FD9-2829A014BF55}.AppStore|x64.ActiveCfg = Release|Any CPU
		{242D4F15-79BB-4294-9FD9-2829A014BF55}.AppStore|x64.Build.0 = Release|Any CPU
		{242D4F15-79BB-4294-9FD9-2829A014BF55}.AppStore|x64.Deploy.0 = Release|Any CPU
		{242D4F15-79BB-4294-9FD9-2829A014BF55}.AppStore|x86.ActiveCfg = Release|x86
		{242D4F15-79BB-4294-9FD9-2829A014BF55}.AppStore|x86.Build.0 = Release|x86
		{242D4F15-79BB-4294-9FD9-2829A014BF55}.AppStore|x86.Deploy.0 = Release|x86
		{242D4F15-79BB-4294-9FD9-2829A014BF55}.Debug|Any CPU.ActiveCfg = Debug|Any CPU
		{242D4F15-79BB-4294-9FD9-2829A014BF55}.Debug|Any CPU.Build.0 = Debug|Any CPU
		{242D4F15-79BB-4294-9FD9-2829A014BF55}.Debug|Any CPU.Deploy.0 = Debug|Any CPU
		{242D4F15-79BB-4294-9FD9-2829A014BF55}.Debug|ARM.ActiveCfg = Debug|ARM
		{242D4F15-79BB-4294-9FD9-2829A014BF55}.Debug|ARM.Build.0 = Debug|ARM
		{242D4F15-79BB-4294-9FD9-2829A014BF55}.Debug|ARM.Deploy.0 = Debug|ARM
		{242D4F15-79BB-4294-9FD9-2829A014BF55}.Debug|iPhone.ActiveCfg = Debug|Any CPU
		{242D4F15-79BB-4294-9FD9-2829A014BF55}.Debug|iPhone.Build.0 = Debug|Any CPU
		{242D4F15-79BB-4294-9FD9-2829A014BF55}.Debug|iPhone.Deploy.0 = Debug|Any CPU
		{242D4F15-79BB-4294-9FD9-2829A014BF55}.Debug|iPhoneSimulator.ActiveCfg = Debug|Any CPU
		{242D4F15-79BB-4294-9FD9-2829A014BF55}.Debug|iPhoneSimulator.Build.0 = Debug|Any CPU
		{242D4F15-79BB-4294-9FD9-2829A014BF55}.Debug|iPhoneSimulator.Deploy.0 = Debug|Any CPU
		{242D4F15-79BB-4294-9FD9-2829A014BF55}.Debug|x64.ActiveCfg = Debug|Any CPU
		{242D4F15-79BB-4294-9FD9-2829A014BF55}.Debug|x64.Build.0 = Debug|Any CPU
		{242D4F15-79BB-4294-9FD9-2829A014BF55}.Debug|x64.Deploy.0 = Debug|Any CPU
		{242D4F15-79BB-4294-9FD9-2829A014BF55}.Debug|x86.ActiveCfg = Debug|x86
		{242D4F15-79BB-4294-9FD9-2829A014BF55}.Debug|x86.Build.0 = Debug|x86
		{242D4F15-79BB-4294-9FD9-2829A014BF55}.Debug|x86.Deploy.0 = Debug|x86
		{242D4F15-79BB-4294-9FD9-2829A014BF55}.Release|Any CPU.ActiveCfg = Release|Any CPU
		{242D4F15-79BB-4294-9FD9-2829A014BF55}.Release|Any CPU.Build.0 = Release|Any CPU
		{242D4F15-79BB-4294-9FD9-2829A014BF55}.Release|Any CPU.Deploy.0 = Release|Any CPU
		{242D4F15-79BB-4294-9FD9-2829A014BF55}.Release|ARM.ActiveCfg = Release|ARM
		{242D4F15-79BB-4294-9FD9-2829A014BF55}.Release|ARM.Build.0 = Release|ARM
		{242D4F15-79BB-4294-9FD9-2829A014BF55}.Release|ARM.Deploy.0 = Release|ARM
		{242D4F15-79BB-4294-9FD9-2829A014BF55}.Release|iPhone.ActiveCfg = Release|Any CPU
		{242D4F15-79BB-4294-9FD9-2829A014BF55}.Release|iPhone.Build.0 = Release|Any CPU
		{242D4F15-79BB-4294-9FD9-2829A014BF55}.Release|iPhone.Deploy.0 = Release|Any CPU
		{242D4F15-79BB-4294-9FD9-2829A014BF55}.Release|iPhoneSimulator.ActiveCfg = Release|Any CPU
		{242D4F15-79BB-4294-9FD9-2829A014BF55}.Release|iPhoneSimulator.Build.0 = Release|Any CPU
		{242D4F15-79BB-4294-9FD9-2829A014BF55}.Release|iPhoneSimulator.Deploy.0 = Release|Any CPU
		{242D4F15-79BB-4294-9FD9-2829A014BF55}.Release|x64.ActiveCfg = Release|Any CPU
		{242D4F15-79BB-4294-9FD9-2829A014BF55}.Release|x64.Build.0 = Release|Any CPU
		{242D4F15-79BB-4294-9FD9-2829A014BF55}.Release|x64.Deploy.0 = Release|Any CPU
		{242D4F15-79BB-4294-9FD9-2829A014BF55}.Release|x86.ActiveCfg = Release|x86
		{242D4F15-79BB-4294-9FD9-2829A014BF55}.Release|x86.Build.0 = Release|x86
		{242D4F15-79BB-4294-9FD9-2829A014BF55}.Release|x86.Deploy.0 = Release|x86
		{C40810B6-BC9C-48DB-A666-F0B0272D90E0}.Ad-Hoc|Any CPU.ActiveCfg = Release|Any CPU
		{C40810B6-BC9C-48DB-A666-F0B0272D90E0}.Ad-Hoc|Any CPU.Build.0 = Release|Any CPU
		{C40810B6-BC9C-48DB-A666-F0B0272D90E0}.Ad-Hoc|Any CPU.Deploy.0 = Release|Any CPU
		{C40810B6-BC9C-48DB-A666-F0B0272D90E0}.Ad-Hoc|ARM.ActiveCfg = Release|ARM
		{C40810B6-BC9C-48DB-A666-F0B0272D90E0}.Ad-Hoc|ARM.Build.0 = Release|ARM
		{C40810B6-BC9C-48DB-A666-F0B0272D90E0}.Ad-Hoc|ARM.Deploy.0 = Release|ARM
		{C40810B6-BC9C-48DB-A666-F0B0272D90E0}.Ad-Hoc|iPhone.ActiveCfg = Release|Any CPU
		{C40810B6-BC9C-48DB-A666-F0B0272D90E0}.Ad-Hoc|iPhone.Build.0 = Release|Any CPU
		{C40810B6-BC9C-48DB-A666-F0B0272D90E0}.Ad-Hoc|iPhone.Deploy.0 = Release|Any CPU
		{C40810B6-BC9C-48DB-A666-F0B0272D90E0}.Ad-Hoc|iPhoneSimulator.ActiveCfg = Release|Any CPU
		{C40810B6-BC9C-48DB-A666-F0B0272D90E0}.Ad-Hoc|iPhoneSimulator.Build.0 = Release|Any CPU
		{C40810B6-BC9C-48DB-A666-F0B0272D90E0}.Ad-Hoc|iPhoneSimulator.Deploy.0 = Release|Any CPU
		{C40810B6-BC9C-48DB-A666-F0B0272D90E0}.Ad-Hoc|x64.ActiveCfg = Release|x64
		{C40810B6-BC9C-48DB-A666-F0B0272D90E0}.Ad-Hoc|x64.Build.0 = Release|x64
		{C40810B6-BC9C-48DB-A666-F0B0272D90E0}.Ad-Hoc|x64.Deploy.0 = Release|x64
		{C40810B6-BC9C-48DB-A666-F0B0272D90E0}.Ad-Hoc|x86.ActiveCfg = Release|x86
		{C40810B6-BC9C-48DB-A666-F0B0272D90E0}.Ad-Hoc|x86.Build.0 = Release|x86
		{C40810B6-BC9C-48DB-A666-F0B0272D90E0}.Ad-Hoc|x86.Deploy.0 = Release|x86
		{C40810B6-BC9C-48DB-A666-F0B0272D90E0}.AppStore|Any CPU.ActiveCfg = Release|Any CPU
		{C40810B6-BC9C-48DB-A666-F0B0272D90E0}.AppStore|Any CPU.Build.0 = Release|Any CPU
		{C40810B6-BC9C-48DB-A666-F0B0272D90E0}.AppStore|Any CPU.Deploy.0 = Release|Any CPU
		{C40810B6-BC9C-48DB-A666-F0B0272D90E0}.AppStore|ARM.ActiveCfg = Release|ARM
		{C40810B6-BC9C-48DB-A666-F0B0272D90E0}.AppStore|ARM.Build.0 = Release|ARM
		{C40810B6-BC9C-48DB-A666-F0B0272D90E0}.AppStore|ARM.Deploy.0 = Release|ARM
		{C40810B6-BC9C-48DB-A666-F0B0272D90E0}.AppStore|iPhone.ActiveCfg = Release|Any CPU
		{C40810B6-BC9C-48DB-A666-F0B0272D90E0}.AppStore|iPhone.Build.0 = Release|Any CPU
		{C40810B6-BC9C-48DB-A666-F0B0272D90E0}.AppStore|iPhone.Deploy.0 = Release|Any CPU
		{C40810B6-BC9C-48DB-A666-F0B0272D90E0}.AppStore|iPhoneSimulator.ActiveCfg = Release|Any CPU
		{C40810B6-BC9C-48DB-A666-F0B0272D90E0}.AppStore|iPhoneSimulator.Build.0 = Release|Any CPU
		{C40810B6-BC9C-48DB-A666-F0B0272D90E0}.AppStore|iPhoneSimulator.Deploy.0 = Release|Any CPU
		{C40810B6-BC9C-48DB-A666-F0B0272D90E0}.AppStore|x64.ActiveCfg = Release|x64
		{C40810B6-BC9C-48DB-A666-F0B0272D90E0}.AppStore|x64.Build.0 = Release|x64
		{C40810B6-BC9C-48DB-A666-F0B0272D90E0}.AppStore|x64.Deploy.0 = Release|x64
		{C40810B6-BC9C-48DB-A666-F0B0272D90E0}.AppStore|x86.ActiveCfg = Release|x86
		{C40810B6-BC9C-48DB-A666-F0B0272D90E0}.AppStore|x86.Build.0 = Release|x86
		{C40810B6-BC9C-48DB-A666-F0B0272D90E0}.AppStore|x86.Deploy.0 = Release|x86
		{C40810B6-BC9C-48DB-A666-F0B0272D90E0}.Debug|Any CPU.ActiveCfg = Debug|Any CPU
		{C40810B6-BC9C-48DB-A666-F0B0272D90E0}.Debug|Any CPU.Build.0 = Debug|Any CPU
		{C40810B6-BC9C-48DB-A666-F0B0272D90E0}.Debug|Any CPU.Deploy.0 = Debug|Any CPU
		{C40810B6-BC9C-48DB-A666-F0B0272D90E0}.Debug|ARM.ActiveCfg = Debug|ARM
		{C40810B6-BC9C-48DB-A666-F0B0272D90E0}.Debug|ARM.Build.0 = Debug|ARM
		{C40810B6-BC9C-48DB-A666-F0B0272D90E0}.Debug|ARM.Deploy.0 = Debug|ARM
		{C40810B6-BC9C-48DB-A666-F0B0272D90E0}.Debug|iPhone.ActiveCfg = Debug|Any CPU
		{C40810B6-BC9C-48DB-A666-F0B0272D90E0}.Debug|iPhone.Build.0 = Debug|Any CPU
		{C40810B6-BC9C-48DB-A666-F0B0272D90E0}.Debug|iPhone.Deploy.0 = Debug|Any CPU
		{C40810B6-BC9C-48DB-A666-F0B0272D90E0}.Debug|iPhoneSimulator.ActiveCfg = Debug|Any CPU
		{C40810B6-BC9C-48DB-A666-F0B0272D90E0}.Debug|iPhoneSimulator.Build.0 = Debug|Any CPU
		{C40810B6-BC9C-48DB-A666-F0B0272D90E0}.Debug|iPhoneSimulator.Deploy.0 = Debug|Any CPU
		{C40810B6-BC9C-48DB-A666-F0B0272D90E0}.Debug|x64.ActiveCfg = Debug|x64
		{C40810B6-BC9C-48DB-A666-F0B0272D90E0}.Debug|x64.Build.0 = Debug|x64
		{C40810B6-BC9C-48DB-A666-F0B0272D90E0}.Debug|x64.Deploy.0 = Debug|x64
		{C40810B6-BC9C-48DB-A666-F0B0272D90E0}.Debug|x86.ActiveCfg = Debug|x86
		{C40810B6-BC9C-48DB-A666-F0B0272D90E0}.Debug|x86.Build.0 = Debug|x86
		{C40810B6-BC9C-48DB-A666-F0B0272D90E0}.Debug|x86.Deploy.0 = Debug|x86
		{C40810B6-BC9C-48DB-A666-F0B0272D90E0}.Release|Any CPU.ActiveCfg = Release|Any CPU
		{C40810B6-BC9C-48DB-A666-F0B0272D90E0}.Release|Any CPU.Build.0 = Release|Any CPU
		{C40810B6-BC9C-48DB-A666-F0B0272D90E0}.Release|Any CPU.Deploy.0 = Release|Any CPU
		{C40810B6-BC9C-48DB-A666-F0B0272D90E0}.Release|ARM.ActiveCfg = Release|ARM
		{C40810B6-BC9C-48DB-A666-F0B0272D90E0}.Release|ARM.Build.0 = Release|ARM
		{C40810B6-BC9C-48DB-A666-F0B0272D90E0}.Release|ARM.Deploy.0 = Release|ARM
		{C40810B6-BC9C-48DB-A666-F0B0272D90E0}.Release|iPhone.ActiveCfg = Release|Any CPU
		{C40810B6-BC9C-48DB-A666-F0B0272D90E0}.Release|iPhone.Build.0 = Release|Any CPU
		{C40810B6-BC9C-48DB-A666-F0B0272D90E0}.Release|iPhone.Deploy.0 = Release|Any CPU
		{C40810B6-BC9C-48DB-A666-F0B0272D90E0}.Release|iPhoneSimulator.ActiveCfg = Release|Any CPU
		{C40810B6-BC9C-48DB-A666-F0B0272D90E0}.Release|iPhoneSimulator.Build.0 = Release|Any CPU
		{C40810B6-BC9C-48DB-A666-F0B0272D90E0}.Release|iPhoneSimulator.Deploy.0 = Release|Any CPU
		{C40810B6-BC9C-48DB-A666-F0B0272D90E0}.Release|x64.ActiveCfg = Release|x64
		{C40810B6-BC9C-48DB-A666-F0B0272D90E0}.Release|x64.Build.0 = Release|x64
		{C40810B6-BC9C-48DB-A666-F0B0272D90E0}.Release|x64.Deploy.0 = Release|x64
		{C40810B6-BC9C-48DB-A666-F0B0272D90E0}.Release|x86.ActiveCfg = Release|x86
		{C40810B6-BC9C-48DB-A666-F0B0272D90E0}.Release|x86.Build.0 = Release|x86
		{C40810B6-BC9C-48DB-A666-F0B0272D90E0}.Release|x86.Deploy.0 = Release|x86
		{6E95DE30-5ACA-45E0-AF60-CC1B60970AE8}.Ad-Hoc|Any CPU.ActiveCfg = Release|Any CPU
		{6E95DE30-5ACA-45E0-AF60-CC1B60970AE8}.Ad-Hoc|Any CPU.Build.0 = Release|Any CPU
		{6E95DE30-5ACA-45E0-AF60-CC1B60970AE8}.Ad-Hoc|ARM.ActiveCfg = Release|Any CPU
		{6E95DE30-5ACA-45E0-AF60-CC1B60970AE8}.Ad-Hoc|ARM.Build.0 = Release|Any CPU
		{6E95DE30-5ACA-45E0-AF60-CC1B60970AE8}.Ad-Hoc|iPhone.ActiveCfg = Release|Any CPU
		{6E95DE30-5ACA-45E0-AF60-CC1B60970AE8}.Ad-Hoc|iPhone.Build.0 = Release|Any CPU
		{6E95DE30-5ACA-45E0-AF60-CC1B60970AE8}.Ad-Hoc|iPhoneSimulator.ActiveCfg = Release|Any CPU
		{6E95DE30-5ACA-45E0-AF60-CC1B60970AE8}.Ad-Hoc|iPhoneSimulator.Build.0 = Release|Any CPU
		{6E95DE30-5ACA-45E0-AF60-CC1B60970AE8}.Ad-Hoc|x64.ActiveCfg = Release|Any CPU
		{6E95DE30-5ACA-45E0-AF60-CC1B60970AE8}.Ad-Hoc|x64.Build.0 = Release|Any CPU
		{6E95DE30-5ACA-45E0-AF60-CC1B60970AE8}.Ad-Hoc|x86.ActiveCfg = Release|Any CPU
		{6E95DE30-5ACA-45E0-AF60-CC1B60970AE8}.Ad-Hoc|x86.Build.0 = Release|Any CPU
		{6E95DE30-5ACA-45E0-AF60-CC1B60970AE8}.AppStore|Any CPU.ActiveCfg = Release|Any CPU
		{6E95DE30-5ACA-45E0-AF60-CC1B60970AE8}.AppStore|Any CPU.Build.0 = Release|Any CPU
		{6E95DE30-5ACA-45E0-AF60-CC1B60970AE8}.AppStore|ARM.ActiveCfg = Release|Any CPU
		{6E95DE30-5ACA-45E0-AF60-CC1B60970AE8}.AppStore|ARM.Build.0 = Release|Any CPU
		{6E95DE30-5ACA-45E0-AF60-CC1B60970AE8}.AppStore|iPhone.ActiveCfg = Release|Any CPU
		{6E95DE30-5ACA-45E0-AF60-CC1B60970AE8}.AppStore|iPhone.Build.0 = Release|Any CPU
		{6E95DE30-5ACA-45E0-AF60-CC1B60970AE8}.AppStore|iPhoneSimulator.ActiveCfg = Release|Any CPU
		{6E95DE30-5ACA-45E0-AF60-CC1B60970AE8}.AppStore|iPhoneSimulator.Build.0 = Release|Any CPU
		{6E95DE30-5ACA-45E0-AF60-CC1B60970AE8}.AppStore|x64.ActiveCfg = Release|Any CPU
		{6E95DE30-5ACA-45E0-AF60-CC1B60970AE8}.AppStore|x64.Build.0 = Release|Any CPU
		{6E95DE30-5ACA-45E0-AF60-CC1B60970AE8}.AppStore|x86.ActiveCfg = Release|Any CPU
		{6E95DE30-5ACA-45E0-AF60-CC1B60970AE8}.AppStore|x86.Build.0 = Release|Any CPU
		{6E95DE30-5ACA-45E0-AF60-CC1B60970AE8}.Debug|Any CPU.ActiveCfg = Debug|Any CPU
		{6E95DE30-5ACA-45E0-AF60-CC1B60970AE8}.Debug|Any CPU.Build.0 = Debug|Any CPU
		{6E95DE30-5ACA-45E0-AF60-CC1B60970AE8}.Debug|ARM.ActiveCfg = Debug|Any CPU
		{6E95DE30-5ACA-45E0-AF60-CC1B60970AE8}.Debug|ARM.Build.0 = Debug|Any CPU
		{6E95DE30-5ACA-45E0-AF60-CC1B60970AE8}.Debug|iPhone.ActiveCfg = Debug|Any CPU
		{6E95DE30-5ACA-45E0-AF60-CC1B60970AE8}.Debug|iPhone.Build.0 = Debug|Any CPU
		{6E95DE30-5ACA-45E0-AF60-CC1B60970AE8}.Debug|iPhoneSimulator.ActiveCfg = Debug|Any CPU
		{6E95DE30-5ACA-45E0-AF60-CC1B60970AE8}.Debug|iPhoneSimulator.Build.0 = Debug|Any CPU
		{6E95DE30-5ACA-45E0-AF60-CC1B60970AE8}.Debug|x64.ActiveCfg = Debug|Any CPU
		{6E95DE30-5ACA-45E0-AF60-CC1B60970AE8}.Debug|x64.Build.0 = Debug|Any CPU
		{6E95DE30-5ACA-45E0-AF60-CC1B60970AE8}.Debug|x86.ActiveCfg = Debug|Any CPU
		{6E95DE30-5ACA-45E0-AF60-CC1B60970AE8}.Debug|x86.Build.0 = Debug|Any CPU
		{6E95DE30-5ACA-45E0-AF60-CC1B60970AE8}.Release|Any CPU.ActiveCfg = Release|Any CPU
		{6E95DE30-5ACA-45E0-AF60-CC1B60970AE8}.Release|Any CPU.Build.0 = Release|Any CPU
		{6E95DE30-5ACA-45E0-AF60-CC1B60970AE8}.Release|ARM.ActiveCfg = Release|Any CPU
		{6E95DE30-5ACA-45E0-AF60-CC1B60970AE8}.Release|ARM.Build.0 = Release|Any CPU
		{6E95DE30-5ACA-45E0-AF60-CC1B60970AE8}.Release|iPhone.ActiveCfg = Release|Any CPU
		{6E95DE30-5ACA-45E0-AF60-CC1B60970AE8}.Release|iPhone.Build.0 = Release|Any CPU
		{6E95DE30-5ACA-45E0-AF60-CC1B60970AE8}.Release|iPhoneSimulator.ActiveCfg = Release|Any CPU
		{6E95DE30-5ACA-45E0-AF60-CC1B60970AE8}.Release|iPhoneSimulator.Build.0 = Release|Any CPU
		{6E95DE30-5ACA-45E0-AF60-CC1B60970AE8}.Release|x64.ActiveCfg = Release|Any CPU
		{6E95DE30-5ACA-45E0-AF60-CC1B60970AE8}.Release|x64.Build.0 = Release|Any CPU
		{6E95DE30-5ACA-45E0-AF60-CC1B60970AE8}.Release|x86.ActiveCfg = Release|Any CPU
		{6E95DE30-5ACA-45E0-AF60-CC1B60970AE8}.Release|x86.Build.0 = Release|Any CPU
	EndGlobalSection
	GlobalSection(SolutionProperties) = preSolution
		HideSolutionNode = FALSE
	EndGlobalSection
EndGlobal
